// !$*UTF8*$!
{
	archiveVersion = 1;
	classes = {
	};
	objectVersion = 56;
	objects = {

/* Begin PBXBuildFile section */
		393A30132BBB7C87002991EA /* RxSwift in Frameworks */ = {isa = PBXBuildFile; productRef = 393A30122BBB7C87002991EA /* RxSwift */; };
		393A30162BBB7CB3002991EA /* FilmlerDaoRepository.swift in Sources */ = {isa = PBXBuildFile; fileRef = 393A30152BBB7CB3002991EA /* FilmlerDaoRepository.swift */; };
		393A30192BBB7CF9002991EA /* AnasayfaViewModel.swift in Sources */ = {isa = PBXBuildFile; fileRef = 393A30182BBB7CF9002991EA /* AnasayfaViewModel.swift */; };
		399A095F2BB1228A00920A09 /* AppDelegate.swift in Sources */ = {isa = PBXBuildFile; fileRef = 399A095E2BB1228A00920A09 /* AppDelegate.swift */; };
		399A09612BB1228A00920A09 /* SceneDelegate.swift in Sources */ = {isa = PBXBuildFile; fileRef = 399A09602BB1228A00920A09 /* SceneDelegate.swift */; };
		399A09632BB1228A00920A09 /* Anasayfa.swift in Sources */ = {isa = PBXBuildFile; fileRef = 399A09622BB1228A00920A09 /* Anasayfa.swift */; };
		399A09662BB1228A00920A09 /* Main.storyboard in Resources */ = {isa = PBXBuildFile; fileRef = 399A09642BB1228A00920A09 /* Main.storyboard */; };
		399A09682BB1228C00920A09 /* Assets.xcassets in Resources */ = {isa = PBXBuildFile; fileRef = 399A09672BB1228C00920A09 /* Assets.xcassets */; };
		399A096B2BB1228C00920A09 /* LaunchScreen.storyboard in Resources */ = {isa = PBXBuildFile; fileRef = 399A09692BB1228C00920A09 /* LaunchScreen.storyboard */; };
		399A09782BB123C000920A09 /* Filmler.swift in Sources */ = {isa = PBXBuildFile; fileRef = 399A09772BB123C000920A09 /* Filmler.swift */; };
		399A097A2BB124B600920A09 /* DetaySayfa.swift in Sources */ = {isa = PBXBuildFile; fileRef = 399A09792BB124B600920A09 /* DetaySayfa.swift */; };
		399A097C2BB1270700920A09 /* FilmlerHucre.swift in Sources */ = {isa = PBXBuildFile; fileRef = 399A097B2BB1270700920A09 /* FilmlerHucre.swift */; };
/* End PBXBuildFile section */

/* Begin PBXFileReference section */
		393A30152BBB7CB3002991EA /* FilmlerDaoRepository.swift */ = {isa = PBXFileReference; lastKnownFileType = sourcecode.swift; path = FilmlerDaoRepository.swift; sourceTree = "<group>"; };
		393A30182BBB7CF9002991EA /* AnasayfaViewModel.swift */ = {isa = PBXFileReference; lastKnownFileType = sourcecode.swift; path = AnasayfaViewModel.swift; sourceTree = "<group>"; };
		399A095B2BB1228A00920A09 /* FilmlerApp.app */ = {isa = PBXFileReference; explicitFileType = wrapper.application; includeInIndex = 0; path = FilmlerApp.app; sourceTree = BUILT_PRODUCTS_DIR; };
		399A095E2BB1228A00920A09 /* AppDelegate.swift */ = {isa = PBXFileReference; lastKnownFileType = sourcecode.swift; path = AppDelegate.swift; sourceTree = "<group>"; };
		399A09602BB1228A00920A09 /* SceneDelegate.swift */ = {isa = PBXFileReference; lastKnownFileType = sourcecode.swift; path = SceneDelegate.swift; sourceTree = "<group>"; };
		399A09622BB1228A00920A09 /* Anasayfa.swift */ = {isa = PBXFileReference; lastKnownFileType = sourcecode.swift; path = Anasayfa.swift; sourceTree = "<group>"; };
		399A09652BB1228A00920A09 /* Base */ = {isa = PBXFileReference; lastKnownFileType = file.storyboard; name = Base; path = Base.lproj/Main.storyboard; sourceTree = "<group>"; };
		399A09672BB1228C00920A09 /* Assets.xcassets */ = {isa = PBXFileReference; lastKnownFileType = folder.assetcatalog; path = Assets.xcassets; sourceTree = "<group>"; };
		399A096A2BB1228C00920A09 /* Base */ = {isa = PBXFileReference; lastKnownFileType = file.storyboard; name = Base; path = Base.lproj/LaunchScreen.storyboard; sourceTree = "<group>"; };
		399A096C2BB1228C00920A09 /* Info.plist */ = {isa = PBXFileReference; lastKnownFileType = text.plist.xml; path = Info.plist; sourceTree = "<group>"; };
		399A09772BB123C000920A09 /* Filmler.swift */ = {isa = PBXFileReference; lastKnownFileType = sourcecode.swift; path = Filmler.swift; sourceTree = "<group>"; };
		399A09792BB124B600920A09 /* DetaySayfa.swift */ = {isa = PBXFileReference; lastKnownFileType = sourcecode.swift; path = DetaySayfa.swift; sourceTree = "<group>"; };
		399A097B2BB1270700920A09 /* FilmlerHucre.swift */ = {isa = PBXFileReference; lastKnownFileType = sourcecode.swift; path = FilmlerHucre.swift; sourceTree = "<group>"; };
/* End PBXFileReference section */

/* Begin PBXFrameworksBuildPhase section */
		399A09582BB1228A00920A09 /* Frameworks */ = {
			isa = PBXFrameworksBuildPhase;
			buildActionMask = 2147483647;
			files = (
				393A30132BBB7C87002991EA /* RxSwift in Frameworks */,
			);
			runOnlyForDeploymentPostprocessing = 0;
		};
/* End PBXFrameworksBuildPhase section */

/* Begin PBXGroup section */
		393A30142BBB7C95002991EA /* repo */ = {
			isa = PBXGroup;
			children = (
				393A30152BBB7CB3002991EA /* FilmlerDaoRepository.swift */,
			);
			path = repo;
			sourceTree = "<group>";
		};
		393A30172BBB7CD8002991EA /* viewmodel */ = {
			isa = PBXGroup;
			children = (
				393A30182BBB7CF9002991EA /* AnasayfaViewModel.swift */,
			);
			path = viewmodel;
			sourceTree = "<group>";
		};
		399A09522BB1228A00920A09 = {
			isa = PBXGroup;
			children = (
				399A095D2BB1228A00920A09 /* FilmlerApp */,
				399A095C2BB1228A00920A09 /* Products */,
			);
			sourceTree = "<group>";
		};
		399A095C2BB1228A00920A09 /* Products */ = {
			isa = PBXGroup;
			children = (
				399A095B2BB1228A00920A09 /* FilmlerApp.app */,
			);
			name = Products;
			sourceTree = "<group>";
		};
		399A095D2BB1228A00920A09 /* FilmlerApp */ = {
			isa = PBXGroup;
			children = (
				399A095E2BB1228A00920A09 /* AppDelegate.swift */,
				399A09602BB1228A00920A09 /* SceneDelegate.swift */,
				399A09732BB122E600920A09 /* ui */,
				399A09722BB122D300920A09 /* data */,
				399A09642BB1228A00920A09 /* Main.storyboard */,
				399A09672BB1228C00920A09 /* Assets.xcassets */,
				399A09692BB1228C00920A09 /* LaunchScreen.storyboard */,
				399A096C2BB1228C00920A09 /* Info.plist */,
			);
			path = FilmlerApp;
			sourceTree = "<group>";
		};
		399A09722BB122D300920A09 /* data */ = {
			isa = PBXGroup;
			children = (
				393A30142BBB7C95002991EA /* repo */,
				399A09752BB1230000920A09 /* entity */,
			);
			path = data;
			sourceTree = "<group>";
		};
		399A09732BB122E600920A09 /* ui */ = {
			isa = PBXGroup;
			children = (
				393A30172BBB7CD8002991EA /* viewmodel */,
				399A09762BB1232600920A09 /* tableview */,
				399A09742BB122EE00920A09 /* views */,
			);
			path = ui;
			sourceTree = "<group>";
		};
		399A09742BB122EE00920A09 /* views */ = {
			isa = PBXGroup;
			children = (
				399A09622BB1228A00920A09 /* Anasayfa.swift */,
				399A09792BB124B600920A09 /* DetaySayfa.swift */,
			);
			path = views;
			sourceTree = "<group>";
		};
		399A09752BB1230000920A09 /* entity */ = {
			isa = PBXGroup;
			children = (
				399A09772BB123C000920A09 /* Filmler.swift */,
			);
			path = entity;
			sourceTree = "<group>";
		};
		399A09762BB1232600920A09 /* tableview */ = {
			isa = PBXGroup;
			children = (
				399A097B2BB1270700920A09 /* FilmlerHucre.swift */,
			);
			path = tableview;
			sourceTree = "<group>";
		};
/* End PBXGroup section */

/* Begin PBXNativeTarget section */
		399A095A2BB1228A00920A09 /* FilmlerApp */ = {
			isa = PBXNativeTarget;
			buildConfigurationList = 399A096F2BB1228C00920A09 /* Build configuration list for PBXNativeTarget "FilmlerApp" */;
			buildPhases = (
				399A09572BB1228A00920A09 /* Sources */,
				399A09582BB1228A00920A09 /* Frameworks */,
				399A09592BB1228A00920A09 /* Resources */,
			);
			buildRules = (
			);
			dependencies = (
			);
			name = FilmlerApp;
			packageProductDependencies = (
				393A30122BBB7C87002991EA /* RxSwift */,
			);
			productName = FilmlerApp;
			productReference = 399A095B2BB1228A00920A09 /* FilmlerApp.app */;
			productType = "com.apple.product-type.application";
		};
/* End PBXNativeTarget section */

/* Begin PBXProject section */
		399A09532BB1228A00920A09 /* Project object */ = {
			isa = PBXProject;
			attributes = {
				BuildIndependentTargetsInParallel = 1;
				LastSwiftUpdateCheck = 1400;
				LastUpgradeCheck = 1400;
				TargetAttributes = {
					399A095A2BB1228A00920A09 = {
						CreatedOnToolsVersion = 14.0;
					};
				};
			};
			buildConfigurationList = 399A09562BB1228A00920A09 /* Build configuration list for PBXProject "FilmlerApp" */;
			compatibilityVersion = "Xcode 14.0";
			developmentRegion = en;
			hasScannedForEncodings = 0;
			knownRegions = (
				en,
				Base,
			);
			mainGroup = 399A09522BB1228A00920A09;
			packageReferences = (
				393A30112BBB7C87002991EA /* XCRemoteSwiftPackageReference "RxSwift" */,
			);
			productRefGroup = 399A095C2BB1228A00920A09 /* Products */;
			projectDirPath = "";
			projectRoot = "";
			targets = (
				399A095A2BB1228A00920A09 /* FilmlerApp */,
			);
		};
/* End PBXProject section */

/* Begin PBXResourcesBuildPhase section */
		399A09592BB1228A00920A09 /* Resources */ = {
			isa = PBXResourcesBuildPhase;
			buildActionMask = 2147483647;
			files = (
				399A096B2BB1228C00920A09 /* LaunchScreen.storyboard in Resources */,
				399A09682BB1228C00920A09 /* Assets.xcassets in Resources */,
				399A09662BB1228A00920A09 /* Main.storyboard in Resources */,
			);
			runOnlyForDeploymentPostprocessing = 0;
		};
/* End PBXResourcesBuildPhase section */

/* Begin PBXSourcesBuildPhase section */
		399A09572BB1228A00920A09 /* Sources */ = {
			isa = PBXSourcesBuildPhase;
			buildActionMask = 2147483647;
			files = (
				399A09632BB1228A00920A09 /* Anasayfa.swift in Sources */,
				399A095F2BB1228A00920A09 /* AppDelegate.swift in Sources */,
				393A30192BBB7CF9002991EA /* AnasayfaViewModel.swift in Sources */,
				399A09612BB1228A00920A09 /* SceneDelegate.swift in Sources */,
				399A097A2BB124B600920A09 /* DetaySayfa.swift in Sources */,
				399A09782BB123C000920A09 /* Filmler.swift in Sources */,
				399A097C2BB1270700920A09 /* FilmlerHucre.swift in Sources */,
				393A30162BBB7CB3002991EA /* FilmlerDaoRepository.swift in Sources */,
			);
			runOnlyForDeploymentPostprocessing = 0;
		};
/* End PBXSourcesBuildPhase section */

/* Begin PBXVariantGroup section */
		399A09642BB1228A00920A09 /* Main.storyboard */ = {
			isa = PBXVariantGroup;
			children = (
				399A09652BB1228A00920A09 /* Base */,
			);
			name = Main.storyboard;
			sourceTree = "<group>";
		};
		399A09692BB1228C00920A09 /* LaunchScreen.storyboard */ = {
			isa = PBXVariantGroup;
			children = (
				399A096A2BB1228C00920A09 /* Base */,
			);
			name = LaunchScreen.storyboard;
			sourceTree = "<group>";
		};
/* End PBXVariantGroup section */

/* Begin XCBuildConfiguration section */
		399A096D2BB1228C00920A09 /* Debug */ = {
			isa = XCBuildConfiguration;
			buildSettings = {
				ALWAYS_SEARCH_USER_PATHS = NO;
				CLANG_ANALYZER_NONNULL = YES;
				CLANG_ANALYZER_NUMBER_OBJECT_CONVERSION = YES_AGGRESSIVE;
				CLANG_CXX_LANGUAGE_STANDARD = "gnu++20";
				CLANG_ENABLE_MODULES = YES;
				CLANG_ENABLE_OBJC_ARC = YES;
				CLANG_ENABLE_OBJC_WEAK = YES;
				CLANG_WARN_BLOCK_CAPTURE_AUTORELEASING = YES;
				CLANG_WARN_BOOL_CONVERSION = YES;
				CLANG_WARN_COMMA = YES;
				CLANG_WARN_CONSTANT_CONVERSION = YES;
				CLANG_WARN_DEPRECATED_OBJC_IMPLEMENTATIONS = YES;
				CLANG_WARN_DIRECT_OBJC_ISA_USAGE = YES_ERROR;
				CLANG_WARN_DOCUMENTATION_COMMENTS = YES;
				CLANG_WARN_EMPTY_BODY = YES;
				CLANG_WARN_ENUM_CONVERSION = YES;
				CLANG_WARN_INFINITE_RECURSION = YES;
				CLANG_WARN_INT_CONVERSION = YES;
				CLANG_WARN_NON_LITERAL_NULL_CONVERSION = YES;
				CLANG_WARN_OBJC_IMPLICIT_RETAIN_SELF = YES;
				CLANG_WARN_OBJC_LITERAL_CONVERSION = YES;
				CLANG_WARN_OBJC_ROOT_CLASS = YES_ERROR;
				CLANG_WARN_QUOTED_INCLUDE_IN_FRAMEWORK_HEADER = YES;
				CLANG_WARN_RANGE_LOOP_ANALYSIS = YES;
				CLANG_WARN_STRICT_PROTOTYPES = YES;
				CLANG_WARN_SUSPICIOUS_MOVE = YES;
				CLANG_WARN_UNGUARDED_AVAILABILITY = YES_AGGRESSIVE;
				CLANG_WARN_UNREACHABLE_CODE = YES;
				CLANG_WARN__DUPLICATE_METHOD_MATCH = YES;
				COPY_PHASE_STRIP = NO;
				DEBUG_INFORMATION_FORMAT = dwarf;
				ENABLE_STRICT_OBJC_MSGSEND = YES;
				ENABLE_TESTABILITY = YES;
				GCC_C_LANGUAGE_STANDARD = gnu11;
				GCC_DYNAMIC_NO_PIC = NO;
				GCC_NO_COMMON_BLOCKS = YES;
				GCC_OPTIMIZATION_LEVEL = 0;
				GCC_PREPROCESSOR_DEFINITIONS = (
					"DEBUG=1",
					"$(inherited)",
				);
				GCC_WARN_64_TO_32_BIT_CONVERSION = YES;
				GCC_WARN_ABOUT_RETURN_TYPE = YES_ERROR;
				GCC_WARN_UNDECLARED_SELECTOR = YES;
				GCC_WARN_UNINITIALIZED_AUTOS = YES_AGGRESSIVE;
				GCC_WARN_UNUSED_FUNCTION = YES;
				GCC_WARN_UNUSED_VARIABLE = YES;
				IPHONEOS_DEPLOYMENT_TARGET = 16.0;
				MTL_ENABLE_DEBUG_INFO = INCLUDE_SOURCE;
				MTL_FAST_MATH = YES;
				ONLY_ACTIVE_ARCH = YES;
				SDKROOT = iphoneos;
				SWIFT_ACTIVE_COMPILATION_CONDITIONS = DEBUG;
				SWIFT_OPTIMIZATION_LEVEL = "-Onone";
			};
			name = Debug;
		};
		399A096E2BB1228C00920A09 /* Release */ = {
			isa = XCBuildConfiguration;
			buildSettings = {
				ALWAYS_SEARCH_USER_PATHS = NO;
				CLANG_ANALYZER_NONNULL = YES;
				CLANG_ANALYZER_NUMBER_OBJECT_CONVERSION = YES_AGGRESSIVE;
				CLANG_CXX_LANGUAGE_STANDARD = "gnu++20";
				CLANG_ENABLE_MODULES = YES;
				CLANG_ENABLE_OBJC_ARC = YES;
				CLANG_ENABLE_OBJC_WEAK = YES;
				CLANG_WARN_BLOCK_CAPTURE_AUTORELEASING = YES;
				CLANG_WARN_BOOL_CONVERSION = YES;
				CLANG_WARN_COMMA = YES;
				CLANG_WARN_CONSTANT_CONVERSION = YES;
				CLANG_WARN_DEPRECATED_OBJC_IMPLEMENTATIONS = YES;
				CLANG_WARN_DIRECT_OBJC_ISA_USAGE = YES_ERROR;
				CLANG_WARN_DOCUMENTATION_COMMENTS = YES;
				CLANG_WARN_EMPTY_BODY = YES;
				CLANG_WARN_ENUM_CONVERSION = YES;
				CLANG_WARN_INFINITE_RECURSION = YES;
				CLANG_WARN_INT_CONVERSION = YES;
				CLANG_WARN_NON_LITERAL_NULL_CONVERSION = YES;
				CLANG_WARN_OBJC_IMPLICIT_RETAIN_SELF = YES;
				CLANG_WARN_OBJC_LITERAL_CONVERSION = YES;
				CLANG_WARN_OBJC_ROOT_CLASS = YES_ERROR;
				CLANG_WARN_QUOTED_INCLUDE_IN_FRAMEWORK_HEADER = YES;
				CLANG_WARN_RANGE_LOOP_ANALYSIS = YES;
				CLANG_WARN_STRICT_PROTOTYPES = YES;
				CLANG_WARN_SUSPICIOUS_MOVE = YES;
				CLANG_WARN_UNGUARDED_AVAILABILITY = YES_AGGRESSIVE;
				CLANG_WARN_UNREACHABLE_CODE = YES;
				CLANG_WARN__DUPLICATE_METHOD_MATCH = YES;
				COPY_PHASE_STRIP = NO;
				DEBUG_INFORMATION_FORMAT = "dwarf-with-dsym";
				ENABLE_NS_ASSERTIONS = NO;
				ENABLE_STRICT_OBJC_MSGSEND = YES;
				GCC_C_LANGUAGE_STANDARD = gnu11;
				GCC_NO_COMMON_BLOCKS = YES;
				GCC_WARN_64_TO_32_BIT_CONVERSION = YES;
				GCC_WARN_ABOUT_RETURN_TYPE = YES_ERROR;
				GCC_WARN_UNDECLARED_SELECTOR = YES;
				GCC_WARN_UNINITIALIZED_AUTOS = YES_AGGRESSIVE;
				GCC_WARN_UNUSED_FUNCTION = YES;
				GCC_WARN_UNUSED_VARIABLE = YES;
				IPHONEOS_DEPLOYMENT_TARGET = 16.0;
				MTL_ENABLE_DEBUG_INFO = NO;
				MTL_FAST_MATH = YES;
				SDKROOT = iphoneos;
				SWIFT_COMPILATION_MODE = wholemodule;
				SWIFT_OPTIMIZATION_LEVEL = "-O";
				VALIDATE_PRODUCT = YES;
			};
			name = Release;
		};
		399A09702BB1228C00920A09 /* Debug */ = {
			isa = XCBuildConfiguration;
			buildSettings = {
				ASSETCATALOG_COMPILER_APPICON_NAME = AppIcon;
				ASSETCATALOG_COMPILER_GLOBAL_ACCENT_COLOR_NAME = AccentColor;
				CODE_SIGN_STYLE = Automatic;
				CURRENT_PROJECT_VERSION = 1;
				DEVELOPMENT_TEAM = PN7U7592HC;
				GENERATE_INFOPLIST_FILE = YES;
				INFOPLIST_FILE = FilmlerApp/Info.plist;
				INFOPLIST_KEY_UIApplicationSupportsIndirectInputEvents = YES;
				INFOPLIST_KEY_UILaunchStoryboardName = LaunchScreen;
				INFOPLIST_KEY_UIMainStoryboardFile = Main;
				INFOPLIST_KEY_UISupportedInterfaceOrientations_iPad = "UIInterfaceOrientationPortrait UIInterfaceOrientationPortraitUpsideDown UIInterfaceOrientationLandscapeLeft UIInterfaceOrientationLandscapeRight";
				INFOPLIST_KEY_UISupportedInterfaceOrientations_iPhone = "UIInterfaceOrientationPortrait UIInterfaceOrientationLandscapeLeft UIInterfaceOrientationLandscapeRight";
				LD_RUNPATH_SEARCH_PATHS = (
					"$(inherited)",
					"@executable_path/Frameworks",
				);
				MARKETING_VERSION = 1.0;
				PRODUCT_BUNDLE_IDENTIFIER = info.FilmlerApp;
				PRODUCT_NAME = "$(TARGET_NAME)";
				SWIFT_EMIT_LOC_STRINGS = YES;
				SWIFT_VERSION = 5.0;
				TARGETED_DEVICE_FAMILY = "1,2";
			};
			name = Debug;
		};
		399A09712BB1228C00920A09 /* Release */ = {
			isa = XCBuildConfiguration;
			buildSettings = {
				ASSETCATALOG_COMPILER_APPICON_NAME = AppIcon;
				ASSETCATALOG_COMPILER_GLOBAL_ACCENT_COLOR_NAME = AccentColor;
				CODE_SIGN_STYLE = Automatic;
				CURRENT_PROJECT_VERSION = 1;
				DEVELOPMENT_TEAM = PN7U7592HC;
				GENERATE_INFOPLIST_FILE = YES;
				INFOPLIST_FILE = FilmlerApp/Info.plist;
				INFOPLIST_KEY_UIApplicationSupportsIndirectInputEvents = YES;
				INFOPLIST_KEY_UILaunchStoryboardName = LaunchScreen;
				INFOPLIST_KEY_UIMainStoryboardFile = Main;
				INFOPLIST_KEY_UISupportedInterfaceOrientations_iPad = "UIInterfaceOrientationPortrait UIInterfaceOrientationPortraitUpsideDown UIInterfaceOrientationLandscapeLeft UIInterfaceOrientationLandscapeRight";
				INFOPLIST_KEY_UISupportedInterfaceOrientations_iPhone = "UIInterfaceOrientationPortrait UIInterfaceOrientationLandscapeLeft UIInterfaceOrientationLandscapeRight";
				LD_RUNPATH_SEARCH_PATHS = (
					"$(inherited)",
					"@executable_path/Frameworks",
				);
				MARKETING_VERSION = 1.0;
				PRODUCT_BUNDLE_IDENTIFIER = info.FilmlerApp;
				PRODUCT_NAME = "$(TARGET_NAME)";
				SWIFT_EMIT_LOC_STRINGS = YES;
				SWIFT_VERSION = 5.0;
				TARGETED_DEVICE_FAMILY = "1,2";
			};
			name = Release;
		};
/* End XCBuildConfiguration section */

/* Begin XCConfigurationList section */
		399A09562BB1228A00920A09 /* Build configuration list for PBXProject "FilmlerApp" */ = {
			isa = XCConfigurationList;
			buildConfigurations = (
				399A096D2BB1228C00920A09 /* Debug */,
				399A096E2BB1228C00920A09 /* Release */,
			);
			defaultConfigurationIsVisible = 0;
			defaultConfigurationName = Release;
		};
		399A096F2BB1228C00920A09 /* Build configuration list for PBXNativeTarget "FilmlerApp" */ = {
			isa = XCConfigurationList;
			buildConfigurations = (
				399A09702BB1228C00920A09 /* Debug */,
				399A09712BB1228C00920A09 /* Release */,
			);
			defaultConfigurationIsVisible = 0;
			defaultConfigurationName = Release;
		};
/* End XCConfigurationList section */

/* Begin XCRemoteSwiftPackageReference section */
		393A30112BBB7C87002991EA /* XCRemoteSwiftPackageReference "RxSwift" */ = {
			isa = XCRemoteSwiftPackageReference;
			repositoryURL = "https://github.com/ReactiveX/RxSwift.git";
			requirement = {
				branch = main;
				kind = branch;
			};
		};
/* End XCRemoteSwiftPackageReference section */

/* Begin XCSwiftPackageProductDependency section */
		393A30122BBB7C87002991EA /* RxSwift */ = {
			isa = XCSwiftPackageProductDependency;
			package = 393A30112BBB7C87002991EA /* XCRemoteSwiftPackageReference "RxSwift" */;
			productName = RxSwift;
		};
/* End XCSwiftPackageProductDependency section */
	};
	rootObject = 399A09532BB1228A00920A09 /* Project object */;
}
